
Microsoft Visual Studio Solution File, Format Version 12.00
# Visual Studio Version 17
VisualStudioVersion = 17.10.34928.147
MinimumVisualStudioVersion = 10.0.40219.1
Project("{9A19103F-16F7-4668-BE54-9A1E7A4F7556}") = "DesafioPOO", "trilha-net-poo-desafio-main\DesafioPOO.csproj", "{BF22C18A-9410-48D7-B6EC-A4F87853BB61}"
EndProject
Global
	GlobalSection(SolutionConfigurationPlatforms) = preSolution
		Debug|Any CPU = Debug|Any CPU
		Release|Any CPU = Release|Any CPU
	EndGlobalSection
	GlobalSection(ProjectConfigurationPlatforms) = postSolution
		{BF22C18A-9410-48D7-B6EC-A4F87853BB61}.Debug|Any CPU.ActiveCfg = Debug|Any CPU
		{BF22C18A-9410-48D7-B6EC-A4F87853BB61}.Debug|Any CPU.Build.0 = Debug|Any CPU
		{BF22C18A-9410-48D7-B6EC-A4F87853BB61}.Release|Any CPU.ActiveCfg = Release|Any CPU
		{BF22C18A-9410-48D7-B6EC-A4F87853BB61}.Release|Any CPU.Build.0 = Release|Any CPU
	EndGlobalSection
	GlobalSection(SolutionProperties) = preSolution
		HideSolutionNode = FALSE
	EndGlobalSection
	GlobalSection(ExtensibilityGlobals) = postSolution
		SolutionGuid = {19D1FCDF-277D-4AEB-8EA6-86CDBA720844}
	EndGlobalSection
EndGlobal
